
Microsoft Visual Studio Solution File, Format Version 12.00
# Visual Studio Version 16
VisualStudioVersion = 16.0.32802.440
MinimumVisualStudioVersion = 10.0.40219.1
Project("{FAE04EC0-301F-11D3-BF4B-00C04F79EFBC}") = "Sign UP Form", "Sign UP Form\Sign UP Form.csproj", "{B996C3DA-22C6-4F74-B314-7CC56226BF1B}"
EndProject
Global
	GlobalSection(SolutionConfigurationPlatforms) = preSolution
		Debug|Any CPU = Debug|Any CPU
		Release|Any CPU = Release|Any CPU
	EndGlobalSection
	GlobalSection(ProjectConfigurationPlatforms) = postSolution
		{B996C3DA-22C6-4F74-B314-7CC56226BF1B}.Debug|Any CPU.ActiveCfg = Debug|Any CPU
		{B996C3DA-22C6-4F74-B314-7CC56226BF1B}.Debug|Any CPU.Build.0 = Debug|Any CPU
		{B996C3DA-22C6-4F74-B314-7CC56226BF1B}.Release|Any CPU.ActiveCfg = Release|Any CPU
		{B996C3DA-22C6-4F74-B314-7CC56226BF1B}.Release|Any CPU.Build.0 = Release|Any CPU
	EndGlobalSection
	GlobalSection(SolutionProperties) = preSolution
		HideSolutionNode = FALSE
	EndGlobalSection
	GlobalSection(ExtensibilityGlobals) = postSolution
		SolutionGuid = {B3766C35-4E1B-47A1-BBAF-3C9F6E15F184}
	EndGlobalSection
EndGlobal
